
Microsoft Visual Studio Solution File, Format Version 12.00
# Visual Studio Version 17
VisualStudioVersion = 17.10.34916.146
MinimumVisualStudioVersion = 10.0.40219.1
Project("{FAE04EC0-301F-11D3-BF4B-00C04F79EFBC}") = "Backend", "Backend.csproj", "{41B1FFC9-D2BB-4078-AF3B-CA179F2A7D1C}"
EndProject
Project("{2150E333-8FDC-42A3-9474-1A3956D46DE8}") = "Solution Items", "Solution Items", "{D583282F-F9FE-45BE-AF82-F44D033B3693}"
	ProjectSection(SolutionItems) = preProject
		.gitignore = .gitignore
	EndProjectSection
EndProject
Global
	GlobalSection(SolutionConfigurationPlatforms) = preSolution
		Debug|Any CPU = Debug|Any CPU
		Release|Any CPU = Release|Any CPU
	EndGlobalSection
	GlobalSection(ProjectConfigurationPlatforms) = postSolution
		{41B1FFC9-D2BB-4078-AF3B-CA179F2A7D1C}.Debug|Any CPU.ActiveCfg = Debug|Any CPU
		{41B1FFC9-D2BB-4078-AF3B-CA179F2A7D1C}.Debug|Any CPU.Build.0 = Debug|Any CPU
		{41B1FFC9-D2BB-4078-AF3B-CA179F2A7D1C}.Release|Any CPU.ActiveCfg = Release|Any CPU
		{41B1FFC9-D2BB-4078-AF3B-CA179F2A7D1C}.Release|Any CPU.Build.0 = Release|Any CPU
	EndGlobalSection
	GlobalSection(SolutionProperties) = preSolution
		HideSolutionNode = FALSE
	EndGlobalSection
	GlobalSection(ExtensibilityGlobals) = postSolution
		SolutionGuid = {095DE9C7-DB19-4CC8-96F4-51FEBE1BDDDF}
	EndGlobalSection
EndGlobal
